
Microsoft Visual Studio Solution File, Format Version 12.00
# Visual Studio Version 16
VisualStudioVersion = 16.0.30517.126
MinimumVisualStudioVersion = 10.0.40219.1
Project("{FAE04EC0-301F-11D3-BF4B-00C04F79EFBC}") = "StringMethods", "StringMethods\StringMethods.csproj", "{971BE7A0-3F9C-492F-B638-B57774A2351E}"
EndProject
Global
	GlobalSection(SolutionConfigurationPlatforms) = preSolution
		Debug|Any CPU = Debug|Any CPU
		Release|Any CPU = Release|Any CPU
	EndGlobalSection
	GlobalSection(ProjectConfigurationPlatforms) = postSolution
		{971BE7A0-3F9C-492F-B638-B57774A2351E}.Debug|Any CPU.ActiveCfg = Debug|Any CPU
		{971BE7A0-3F9C-492F-B638-B57774A2351E}.Debug|Any CPU.Build.0 = Debug|Any CPU
		{971BE7A0-3F9C-492F-B638-B57774A2351E}.Release|Any CPU.ActiveCfg = Release|Any CPU
		{971BE7A0-3F9C-492F-B638-B57774A2351E}.Release|Any CPU.Build.0 = Release|Any CPU
	EndGlobalSection
	GlobalSection(SolutionProperties) = preSolution
		HideSolutionNode = FALSE
	EndGlobalSection
	GlobalSection(ExtensibilityGlobals) = postSolution
		SolutionGuid = {06253C25-022E-41E5-8222-B538E7707A16}
	EndGlobalSection
EndGlobal
